
Microsoft Visual Studio Solution File, Format Version 12.00
# Visual Studio Version 16
VisualStudioVersion = 16.0.29806.167
MinimumVisualStudioVersion = 10.0.40219.1
Project("{FAE04EC0-301F-11D3-BF4B-00C04F79EFBC}") = "PPT", "PPT\PPT.csproj", "{8CFBEA9F-0F52-4C40-83D0-5F15F9346867}"
	ProjectSection(ProjectDependencies) = postProject
		{3172A765-A304-41B4-B811-511D0EEC786C} = {3172A765-A304-41B4-B811-511D0EEC786C}
	EndProjectSection
EndProject
Project("{FAE04EC0-301F-11D3-BF4B-00C04F79EFBC}") = "FakeAPI", "FakeAPI\FakeAPI.csproj", "{6D0A06F9-4C85-4EA9-AFE1-0A431E088FD1}"
EndProject
Project("{FAE04EC0-301F-11D3-BF4B-00C04F79EFBC}") = "PPT.Shared", "Shared\PPT.Shared.csproj", "{3172A765-A304-41B4-B811-511D0EEC786C}"
EndProject
Project("{2150E333-8FDC-42A3-9474-1A3956D46DE8}") = "Solution Items", "Solution Items", "{1D2154E4-34D2-405A-855C-9E2AFE477C3C}"
	ProjectSection(SolutionItems) = preProject
		.editorconfig = .editorconfig
	EndProjectSection
EndProject
Global
	GlobalSection(SolutionConfigurationPlatforms) = preSolution
		Debug|Any CPU = Debug|Any CPU
		Release|Any CPU = Release|Any CPU
	EndGlobalSection
	GlobalSection(ProjectConfigurationPlatforms) = postSolution
		{8CFBEA9F-0F52-4C40-83D0-5F15F9346867}.Debug|Any CPU.ActiveCfg = Debug|Any CPU
		{8CFBEA9F-0F52-4C40-83D0-5F15F9346867}.Debug|Any CPU.Build.0 = Debug|Any CPU
		{8CFBEA9F-0F52-4C40-83D0-5F15F9346867}.Release|Any CPU.ActiveCfg = Release|Any CPU
		{8CFBEA9F-0F52-4C40-83D0-5F15F9346867}.Release|Any CPU.Build.0 = Release|Any CPU
		{6D0A06F9-4C85-4EA9-AFE1-0A431E088FD1}.Debug|Any CPU.ActiveCfg = Debug|Any CPU
		{6D0A06F9-4C85-4EA9-AFE1-0A431E088FD1}.Debug|Any CPU.Build.0 = Debug|Any CPU
		{6D0A06F9-4C85-4EA9-AFE1-0A431E088FD1}.Release|Any CPU.ActiveCfg = Release|Any CPU
		{6D0A06F9-4C85-4EA9-AFE1-0A431E088FD1}.Release|Any CPU.Build.0 = Release|Any CPU
		{3172A765-A304-41B4-B811-511D0EEC786C}.Debug|Any CPU.ActiveCfg = Debug|Any CPU
		{3172A765-A304-41B4-B811-511D0EEC786C}.Debug|Any CPU.Build.0 = Debug|Any CPU
		{3172A765-A304-41B4-B811-511D0EEC786C}.Release|Any CPU.ActiveCfg = Release|Any CPU
		{3172A765-A304-41B4-B811-511D0EEC786C}.Release|Any CPU.Build.0 = Release|Any CPU
	EndGlobalSection
	GlobalSection(SolutionProperties) = preSolution
		HideSolutionNode = FALSE
	EndGlobalSection
	GlobalSection(ExtensibilityGlobals) = postSolution
		SolutionGuid = {443544B5-C6AD-4D6C-BF68-408D4867BF6C}
	EndGlobalSection
EndGlobal
